
Microsoft Visual Studio Solution File, Format Version 12.00
# Visual Studio Version 16
VisualStudioVersion = 16.0.30204.135
MinimumVisualStudioVersion = 10.0.40219.1
Project("{FAE04EC0-301F-11D3-BF4B-00C04F79EFBC}") = "ConsoleApp", "ConsoleApp\ConsoleApp.csproj", "{DB18B630-3F23-47C8-BDBF-1FF881D50AAD}"
EndProject
Global
	GlobalSection(SolutionConfigurationPlatforms) = preSolution
		Debug|Any CPU = Debug|Any CPU
		Release|Any CPU = Release|Any CPU
	EndGlobalSection
	GlobalSection(ProjectConfigurationPlatforms) = postSolution
		{DB18B630-3F23-47C8-BDBF-1FF881D50AAD}.Debug|Any CPU.ActiveCfg = Debug|Any CPU
		{DB18B630-3F23-47C8-BDBF-1FF881D50AAD}.Debug|Any CPU.Build.0 = Debug|Any CPU
		{DB18B630-3F23-47C8-BDBF-1FF881D50AAD}.Release|Any CPU.ActiveCfg = Release|Any CPU
		{DB18B630-3F23-47C8-BDBF-1FF881D50AAD}.Release|Any CPU.Build.0 = Release|Any CPU
	EndGlobalSection
	GlobalSection(SolutionProperties) = preSolution
		HideSolutionNode = FALSE
	EndGlobalSection
	GlobalSection(ExtensibilityGlobals) = postSolution
		SolutionGuid = {6AD9C29C-093D-4D8A-A227-8FF00FB7424C}
	EndGlobalSection
EndGlobal
